// !$*UTF8*$!
{
	archiveVersion = 1;
	classes = {
	};
	objectVersion = 56;
	objects = {

/* Begin PBXBuildFile section */
		D61179502BEB792D00E7C267 /* .swiftlint.yml in Resources */ = {isa = PBXBuildFile; fileRef = D611794F2BEB792D00E7C267 /* .swiftlint.yml */; };
		D61179512BEB792D00E7C267 /* .swiftlint.yml in Resources */ = {isa = PBXBuildFile; fileRef = D611794F2BEB792D00E7C267 /* .swiftlint.yml */; };
		D61179522BEB792D00E7C267 /* .swiftlint.yml in Resources */ = {isa = PBXBuildFile; fileRef = D611794F2BEB792D00E7C267 /* .swiftlint.yml */; };
		D61179542BEC5FFF00E7C267 /* IssueListController.swift in Sources */ = {isa = PBXBuildFile; fileRef = D61179532BEC5FFF00E7C267 /* IssueListController.swift */; };
		D61179562BEC60D900E7C267 /* TabBarController.swift in Sources */ = {isa = PBXBuildFile; fileRef = D61179552BEC60D900E7C267 /* TabBarController.swift */; };
		D61179582BEC62D200E7C267 /* LabelListController.swift in Sources */ = {isa = PBXBuildFile; fileRef = D61179572BEC62D200E7C267 /* LabelListController.swift */; };
		D611795A2BEC62F100E7C267 /* MilestoneListController.swift in Sources */ = {isa = PBXBuildFile; fileRef = D61179592BEC62F100E7C267 /* MilestoneListController.swift */; };
		D611795C2BEC630300E7C267 /* ProfileController.swift in Sources */ = {isa = PBXBuildFile; fileRef = D611795B2BEC630300E7C267 /* ProfileController.swift */; };
		D61179662BEC6D6800E7C267 /* Color.swift in Sources */ = {isa = PBXBuildFile; fileRef = D61179652BEC6D6800E7C267 /* Color.swift */; };
		D61179692BEC6F3200E7C267 /* FontManager.swift in Sources */ = {isa = PBXBuildFile; fileRef = D61179682BEC6F3200E7C267 /* FontManager.swift */; };
		D611796B2BEC733200E7C267 /* UILabel+Extensions.swift in Sources */ = {isa = PBXBuildFile; fileRef = D611796A2BEC733200E7C267 /* UILabel+Extensions.swift */; };
		D61179742BEC8FA900E7C267 /* Issue.swift in Sources */ = {isa = PBXBuildFile; fileRef = D61179732BEC8FA900E7C267 /* Issue.swift */; };
		D61179782BECA9D400E7C267 /* LabelCell.swift in Sources */ = {isa = PBXBuildFile; fileRef = D61179762BECA9D400E7C267 /* LabelCell.swift */; };
		D61179792BECA9D400E7C267 /* labelCell.xib in Resources */ = {isa = PBXBuildFile; fileRef = D61179772BECA9D400E7C267 /* labelCell.xib */; };
		D61AAC872BFAD62700D35399 /* IssueModel.swift in Sources */ = {isa = PBXBuildFile; fileRef = D61AAC862BFAD62700D35399 /* IssueModel.swift */; };
		D61AAC892BFAF1A600D35399 /* LabelModel.swift in Sources */ = {isa = PBXBuildFile; fileRef = D61AAC882BFAF1A600D35399 /* LabelModel.swift */; };
		D61AAC8C2BFB884500D35399 /* LabelEditorViewController.xib in Resources */ = {isa = PBXBuildFile; fileRef = D61AAC8B2BFB884500D35399 /* LabelEditorViewController.xib */; };
		D61AAC8D2BFB884500D35399 /* LabelEditorViewController.swift in Sources */ = {isa = PBXBuildFile; fileRef = D61AAC8A2BFB884500D35399 /* LabelEditorViewController.swift */; };
		D61AAC8F2BFC3AB400D35399 /* LabelEditorPaddingLabel.swift in Sources */ = {isa = PBXBuildFile; fileRef = D61AAC8E2BFC3AB400D35399 /* LabelEditorPaddingLabel.swift */; };
		D6369F462BEA0F8F001BDAAB /* AppDelegate.swift in Sources */ = {isa = PBXBuildFile; fileRef = D6369F452BEA0F8F001BDAAB /* AppDelegate.swift */; };
		D6369F482BEA0F8F001BDAAB /* SceneDelegate.swift in Sources */ = {isa = PBXBuildFile; fileRef = D6369F472BEA0F8F001BDAAB /* SceneDelegate.swift */; };
		D6369F4A2BEA0F8F001BDAAB /* LoginController.swift in Sources */ = {isa = PBXBuildFile; fileRef = D6369F492BEA0F8F001BDAAB /* LoginController.swift */; };
		D6369F4D2BEA0F8F001BDAAB /* Base in Resources */ = {isa = PBXBuildFile; fileRef = D6369F4C2BEA0F8F001BDAAB /* Base */; };
		D6369F4F2BEA0F90001BDAAB /* Assets.xcassets in Resources */ = {isa = PBXBuildFile; fileRef = D6369F4E2BEA0F90001BDAAB /* Assets.xcassets */; };
		D6369F522BEA0F90001BDAAB /* Base in Resources */ = {isa = PBXBuildFile; fileRef = D6369F512BEA0F90001BDAAB /* Base */; };
		D6369F5D2BEA0F90001BDAAB /* issue_tracker_01Tests.swift in Sources */ = {isa = PBXBuildFile; fileRef = D6369F5C2BEA0F90001BDAAB /* issue_tracker_01Tests.swift */; };
		D6369F672BEA0F90001BDAAB /* issue_tracker_01UITests.swift in Sources */ = {isa = PBXBuildFile; fileRef = D6369F662BEA0F90001BDAAB /* issue_tracker_01UITests.swift */; };
		D6369F692BEA0F90001BDAAB /* issue_tracker_01UITestsLaunchTests.swift in Sources */ = {isa = PBXBuildFile; fileRef = D6369F682BEA0F90001BDAAB /* issue_tracker_01UITestsLaunchTests.swift */; };
		D642E2662BF6182B00ACAE45 /* IssueEditorViewController.xib in Resources */ = {isa = PBXBuildFile; fileRef = D642E2652BF6182B00ACAE45 /* IssueEditorViewController.xib */; };
		D642E2672BF6182B00ACAE45 /* IssueEditorViewController.swift in Sources */ = {isa = PBXBuildFile; fileRef = D642E2642BF6182B00ACAE45 /* IssueEditorViewController.swift */; };
		D642E26A2BF6EFD000ACAE45 /* EditorOptionCell.swift in Sources */ = {isa = PBXBuildFile; fileRef = D642E2682BF6EFD000ACAE45 /* EditorOptionCell.swift */; };
		D642E26B2BF6EFD000ACAE45 /* EditorOptionCell.xib in Resources */ = {isa = PBXBuildFile; fileRef = D642E2692BF6EFD000ACAE45 /* EditorOptionCell.xib */; };
		D642E26E2BF717BB00ACAE45 /* EditorOptionViewController.swift in Sources */ = {isa = PBXBuildFile; fileRef = D642E26C2BF717BB00ACAE45 /* EditorOptionViewController.swift */; };
		D642E26F2BF717BB00ACAE45 /* EditorOptionViewController.xib in Resources */ = {isa = PBXBuildFile; fileRef = D642E26D2BF717BB00ACAE45 /* EditorOptionViewController.xib */; };
		D642E2722BF740A400ACAE45 /* LabelTableCell.swift in Sources */ = {isa = PBXBuildFile; fileRef = D642E2702BF740A400ACAE45 /* LabelTableCell.swift */; };
		D642E2732BF740A400ACAE45 /* LabelTableCell.xib in Resources */ = {isa = PBXBuildFile; fileRef = D642E2712BF740A400ACAE45 /* LabelTableCell.xib */; };
		D679EE472BEA355400A3FC61 /* Color.xcassets in Resources */ = {isa = PBXBuildFile; fileRef = D679EE462BEA355400A3FC61 /* Color.xcassets */; };
		D6A631EF2BEFDB72000E9C30 /* UIColor+Extensions.swift in Sources */ = {isa = PBXBuildFile; fileRef = D6A631EE2BEFDB72000E9C30 /* UIColor+Extensions.swift */; };
		D6A631F42BF1D101000E9C30 /* IssueTableCell.swift in Sources */ = {isa = PBXBuildFile; fileRef = D6A631F22BF1D101000E9C30 /* IssueTableCell.swift */; };
		D6A631F52BF1D101000E9C30 /* IssueTableCell.xib in Resources */ = {isa = PBXBuildFile; fileRef = D6A631F32BF1D101000E9C30 /* IssueTableCell.xib */; };
		D6A631F72BF1DF8A000E9C30 /* UIViewController+Extensions.swift in Sources */ = {isa = PBXBuildFile; fileRef = D6A631F62BF1DF8A000E9C30 /* UIViewController+Extensions.swift */; };
		D6A631FB2BF1FE5A000E9C30 /* NetworkManager.swift in Sources */ = {isa = PBXBuildFile; fileRef = D6A631FA2BF1FE5A000E9C30 /* NetworkManager.swift */; };
		D6A631FD2BF20BAC000E9C30 /* URLDefines.swift in Sources */ = {isa = PBXBuildFile; fileRef = D6A631FC2BF20BAC000E9C30 /* URLDefines.swift */; };
		D6A632002BF2200A000E9C30 /* HTTPManager.swift in Sources */ = {isa = PBXBuildFile; fileRef = D6A631FF2BF2200A000E9C30 /* HTTPManager.swift */; };
		D6A632032BF22217000E9C30 /* HTTPMethod.swift in Sources */ = {isa = PBXBuildFile; fileRef = D6A632022BF22217000E9C30 /* HTTPMethod.swift */; };
		D6A6320B2BF34589000E9C30 /* IssueDetailViewController.xib in Resources */ = {isa = PBXBuildFile; fileRef = D6A6320A2BF34589000E9C30 /* IssueDetailViewController.xib */; };
		D6A6320C2BF34589000E9C30 /* IssueDetailViewController.swift in Sources */ = {isa = PBXBuildFile; fileRef = D6A632092BF34589000E9C30 /* IssueDetailViewController.swift */; };
		D6A632102BF35D24000E9C30 /* IssueDetailCell.xib in Resources */ = {isa = PBXBuildFile; fileRef = D6A6320F2BF35D24000E9C30 /* IssueDetailCell.xib */; };
		D6A632112BF35D24000E9C30 /* IssueDetailCell.swift in Sources */ = {isa = PBXBuildFile; fileRef = D6A6320E2BF35D24000E9C30 /* IssueDetailCell.swift */; };
		D6A632172BF46ACC000E9C30 /* BaseModel.swift in Sources */ = {isa = PBXBuildFile; fileRef = D6A632162BF46ACC000E9C30 /* BaseModel.swift */; };
		D6A632192BF59AC0000E9C30 /* Date+Extensions.swift in Sources */ = {isa = PBXBuildFile; fileRef = D6A632182BF59AC0000E9C30 /* Date+Extensions.swift */; };
		D6A632232BF5DD2F000E9C30 /* IssueDetailHeaderView.xib in Resources */ = {isa = PBXBuildFile; fileRef = D6A632222BF5DD2F000E9C30 /* IssueDetailHeaderView.xib */; };
		D6A632272BF5E045000E9C30 /* IssueDetailHeaderView.swift in Sources */ = {isa = PBXBuildFile; fileRef = D6A632262BF5E045000E9C30 /* IssueDetailHeaderView.swift */; };
/* End PBXBuildFile section */

/* Begin PBXContainerItemProxy section */
		D6369F592BEA0F90001BDAAB /* PBXContainerItemProxy */ = {
			isa = PBXContainerItemProxy;
			containerPortal = D6369F3A2BEA0F8F001BDAAB /* Project object */;
			proxyType = 1;
			remoteGlobalIDString = D6369F412BEA0F8F001BDAAB;
			remoteInfo = "issue-tracker-01";
		};
		D6369F632BEA0F90001BDAAB /* PBXContainerItemProxy */ = {
			isa = PBXContainerItemProxy;
			containerPortal = D6369F3A2BEA0F8F001BDAAB /* Project object */;
			proxyType = 1;
			remoteGlobalIDString = D6369F412BEA0F8F001BDAAB;
			remoteInfo = "issue-tracker-01";
		};
/* End PBXContainerItemProxy section */

/* Begin PBXFileReference section */
		D611794F2BEB792D00E7C267 /* .swiftlint.yml */ = {isa = PBXFileReference; lastKnownFileType = text.yaml; path = .swiftlint.yml; sourceTree = "<group>"; };
		D61179532BEC5FFF00E7C267 /* IssueListController.swift */ = {isa = PBXFileReference; lastKnownFileType = sourcecode.swift; path = IssueListController.swift; sourceTree = "<group>"; };
		D61179552BEC60D900E7C267 /* TabBarController.swift */ = {isa = PBXFileReference; lastKnownFileType = sourcecode.swift; path = TabBarController.swift; sourceTree = "<group>"; };
		D61179572BEC62D200E7C267 /* LabelListController.swift */ = {isa = PBXFileReference; lastKnownFileType = sourcecode.swift; path = LabelListController.swift; sourceTree = "<group>"; };
		D61179592BEC62F100E7C267 /* MilestoneListController.swift */ = {isa = PBXFileReference; lastKnownFileType = sourcecode.swift; path = MilestoneListController.swift; sourceTree = "<group>"; };
		D611795B2BEC630300E7C267 /* ProfileController.swift */ = {isa = PBXFileReference; lastKnownFileType = sourcecode.swift; path = ProfileController.swift; sourceTree = "<group>"; };
		D61179652BEC6D6800E7C267 /* Color.swift */ = {isa = PBXFileReference; lastKnownFileType = sourcecode.swift; path = Color.swift; sourceTree = "<group>"; };
		D61179682BEC6F3200E7C267 /* FontManager.swift */ = {isa = PBXFileReference; lastKnownFileType = sourcecode.swift; path = FontManager.swift; sourceTree = "<group>"; };
		D611796A2BEC733200E7C267 /* UILabel+Extensions.swift */ = {isa = PBXFileReference; lastKnownFileType = sourcecode.swift; path = "UILabel+Extensions.swift"; sourceTree = "<group>"; };
		D61179732BEC8FA900E7C267 /* Issue.swift */ = {isa = PBXFileReference; lastKnownFileType = sourcecode.swift; path = Issue.swift; sourceTree = "<group>"; };
		D61179762BECA9D400E7C267 /* LabelCell.swift */ = {isa = PBXFileReference; lastKnownFileType = sourcecode.swift; path = LabelCell.swift; sourceTree = "<group>"; };
		D61179772BECA9D400E7C267 /* labelCell.xib */ = {isa = PBXFileReference; lastKnownFileType = file.xib; path = labelCell.xib; sourceTree = "<group>"; };
		D61AAC862BFAD62700D35399 /* IssueModel.swift */ = {isa = PBXFileReference; lastKnownFileType = sourcecode.swift; path = IssueModel.swift; sourceTree = "<group>"; };
		D61AAC882BFAF1A600D35399 /* LabelModel.swift */ = {isa = PBXFileReference; lastKnownFileType = sourcecode.swift; path = LabelModel.swift; sourceTree = "<group>"; };
		D61AAC8A2BFB884500D35399 /* LabelEditorViewController.swift */ = {isa = PBXFileReference; lastKnownFileType = sourcecode.swift; path = LabelEditorViewController.swift; sourceTree = "<group>"; };
		D61AAC8B2BFB884500D35399 /* LabelEditorViewController.xib */ = {isa = PBXFileReference; lastKnownFileType = file.xib; path = LabelEditorViewController.xib; sourceTree = "<group>"; };
		D61AAC8E2BFC3AB400D35399 /* LabelEditorPaddingLabel.swift */ = {isa = PBXFileReference; lastKnownFileType = sourcecode.swift; path = LabelEditorPaddingLabel.swift; sourceTree = "<group>"; };
		D6369F422BEA0F8F001BDAAB /* issue-tracker-01.app */ = {isa = PBXFileReference; explicitFileType = wrapper.application; includeInIndex = 0; path = "issue-tracker-01.app"; sourceTree = BUILT_PRODUCTS_DIR; };
		D6369F452BEA0F8F001BDAAB /* AppDelegate.swift */ = {isa = PBXFileReference; lastKnownFileType = sourcecode.swift; path = AppDelegate.swift; sourceTree = "<group>"; };
		D6369F472BEA0F8F001BDAAB /* SceneDelegate.swift */ = {isa = PBXFileReference; lastKnownFileType = sourcecode.swift; path = SceneDelegate.swift; sourceTree = "<group>"; };
		D6369F492BEA0F8F001BDAAB /* LoginController.swift */ = {isa = PBXFileReference; lastKnownFileType = sourcecode.swift; path = LoginController.swift; sourceTree = "<group>"; };
		D6369F4C2BEA0F8F001BDAAB /* Base */ = {isa = PBXFileReference; lastKnownFileType = file.storyboard; name = Base; path = Base.lproj/Main.storyboard; sourceTree = "<group>"; };
		D6369F4E2BEA0F90001BDAAB /* Assets.xcassets */ = {isa = PBXFileReference; lastKnownFileType = folder.assetcatalog; path = Assets.xcassets; sourceTree = "<group>"; };
		D6369F512BEA0F90001BDAAB /* Base */ = {isa = PBXFileReference; lastKnownFileType = file.storyboard; name = Base; path = Base.lproj/LaunchScreen.storyboard; sourceTree = "<group>"; };
		D6369F532BEA0F90001BDAAB /* Info.plist */ = {isa = PBXFileReference; lastKnownFileType = text.plist.xml; path = Info.plist; sourceTree = "<group>"; };
		D6369F582BEA0F90001BDAAB /* issue-tracker-01Tests.xctest */ = {isa = PBXFileReference; explicitFileType = wrapper.cfbundle; includeInIndex = 0; path = "issue-tracker-01Tests.xctest"; sourceTree = BUILT_PRODUCTS_DIR; };
		D6369F5C2BEA0F90001BDAAB /* issue_tracker_01Tests.swift */ = {isa = PBXFileReference; lastKnownFileType = sourcecode.swift; path = issue_tracker_01Tests.swift; sourceTree = "<group>"; };
		D6369F622BEA0F90001BDAAB /* issue-tracker-01UITests.xctest */ = {isa = PBXFileReference; explicitFileType = wrapper.cfbundle; includeInIndex = 0; path = "issue-tracker-01UITests.xctest"; sourceTree = BUILT_PRODUCTS_DIR; };
		D6369F662BEA0F90001BDAAB /* issue_tracker_01UITests.swift */ = {isa = PBXFileReference; lastKnownFileType = sourcecode.swift; path = issue_tracker_01UITests.swift; sourceTree = "<group>"; };
		D6369F682BEA0F90001BDAAB /* issue_tracker_01UITestsLaunchTests.swift */ = {isa = PBXFileReference; lastKnownFileType = sourcecode.swift; path = issue_tracker_01UITestsLaunchTests.swift; sourceTree = "<group>"; };
		D642E2642BF6182B00ACAE45 /* IssueEditorViewController.swift */ = {isa = PBXFileReference; lastKnownFileType = sourcecode.swift; path = IssueEditorViewController.swift; sourceTree = "<group>"; };
		D642E2652BF6182B00ACAE45 /* IssueEditorViewController.xib */ = {isa = PBXFileReference; lastKnownFileType = file.xib; path = IssueEditorViewController.xib; sourceTree = "<group>"; };
		D642E2682BF6EFD000ACAE45 /* EditorOptionCell.swift */ = {isa = PBXFileReference; lastKnownFileType = sourcecode.swift; path = EditorOptionCell.swift; sourceTree = "<group>"; };
		D642E2692BF6EFD000ACAE45 /* EditorOptionCell.xib */ = {isa = PBXFileReference; lastKnownFileType = file.xib; path = EditorOptionCell.xib; sourceTree = "<group>"; };
		D642E26C2BF717BB00ACAE45 /* EditorOptionViewController.swift */ = {isa = PBXFileReference; lastKnownFileType = sourcecode.swift; path = EditorOptionViewController.swift; sourceTree = "<group>"; };
		D642E26D2BF717BB00ACAE45 /* EditorOptionViewController.xib */ = {isa = PBXFileReference; lastKnownFileType = file.xib; path = EditorOptionViewController.xib; sourceTree = "<group>"; };
		D642E2702BF740A400ACAE45 /* LabelTableCell.swift */ = {isa = PBXFileReference; lastKnownFileType = sourcecode.swift; path = LabelTableCell.swift; sourceTree = "<group>"; };
		D642E2712BF740A400ACAE45 /* LabelTableCell.xib */ = {isa = PBXFileReference; lastKnownFileType = file.xib; path = LabelTableCell.xib; sourceTree = "<group>"; };
		D679EE462BEA355400A3FC61 /* Color.xcassets */ = {isa = PBXFileReference; lastKnownFileType = folder.assetcatalog; path = Color.xcassets; sourceTree = "<group>"; };
		D6A631EE2BEFDB72000E9C30 /* UIColor+Extensions.swift */ = {isa = PBXFileReference; lastKnownFileType = sourcecode.swift; name = "UIColor+Extensions.swift"; path = "../../../../../../Part 3/UIColor+Extensions.swift"; sourceTree = "<group>"; };
		D6A631F22BF1D101000E9C30 /* IssueTableCell.swift */ = {isa = PBXFileReference; lastKnownFileType = sourcecode.swift; path = IssueTableCell.swift; sourceTree = "<group>"; };
		D6A631F32BF1D101000E9C30 /* IssueTableCell.xib */ = {isa = PBXFileReference; lastKnownFileType = file.xib; path = IssueTableCell.xib; sourceTree = "<group>"; };
		D6A631F62BF1DF8A000E9C30 /* UIViewController+Extensions.swift */ = {isa = PBXFileReference; lastKnownFileType = sourcecode.swift; path = "UIViewController+Extensions.swift"; sourceTree = "<group>"; };
		D6A631FA2BF1FE5A000E9C30 /* NetworkManager.swift */ = {isa = PBXFileReference; lastKnownFileType = sourcecode.swift; path = NetworkManager.swift; sourceTree = "<group>"; };
		D6A631FC2BF20BAC000E9C30 /* URLDefines.swift */ = {isa = PBXFileReference; lastKnownFileType = sourcecode.swift; path = URLDefines.swift; sourceTree = "<group>"; };
		D6A631FF2BF2200A000E9C30 /* HTTPManager.swift */ = {isa = PBXFileReference; lastKnownFileType = sourcecode.swift; path = HTTPManager.swift; sourceTree = "<group>"; };
		D6A632022BF22217000E9C30 /* HTTPMethod.swift */ = {isa = PBXFileReference; lastKnownFileType = sourcecode.swift; path = HTTPMethod.swift; sourceTree = "<group>"; };
		D6A632092BF34589000E9C30 /* IssueDetailViewController.swift */ = {isa = PBXFileReference; lastKnownFileType = sourcecode.swift; path = IssueDetailViewController.swift; sourceTree = "<group>"; };
		D6A6320A2BF34589000E9C30 /* IssueDetailViewController.xib */ = {isa = PBXFileReference; lastKnownFileType = file.xib; path = IssueDetailViewController.xib; sourceTree = "<group>"; };
		D6A6320E2BF35D24000E9C30 /* IssueDetailCell.swift */ = {isa = PBXFileReference; lastKnownFileType = sourcecode.swift; path = IssueDetailCell.swift; sourceTree = "<group>"; };
		D6A6320F2BF35D24000E9C30 /* IssueDetailCell.xib */ = {isa = PBXFileReference; lastKnownFileType = file.xib; path = IssueDetailCell.xib; sourceTree = "<group>"; };
		D6A632162BF46ACC000E9C30 /* BaseModel.swift */ = {isa = PBXFileReference; lastKnownFileType = sourcecode.swift; path = BaseModel.swift; sourceTree = "<group>"; };
		D6A632182BF59AC0000E9C30 /* Date+Extensions.swift */ = {isa = PBXFileReference; lastKnownFileType = sourcecode.swift; path = "Date+Extensions.swift"; sourceTree = "<group>"; };
		D6A632222BF5DD2F000E9C30 /* IssueDetailHeaderView.xib */ = {isa = PBXFileReference; lastKnownFileType = file.xib; path = IssueDetailHeaderView.xib; sourceTree = "<group>"; };
		D6A632262BF5E045000E9C30 /* IssueDetailHeaderView.swift */ = {isa = PBXFileReference; lastKnownFileType = sourcecode.swift; path = IssueDetailHeaderView.swift; sourceTree = "<group>"; };
/* End PBXFileReference section */

/* Begin PBXFrameworksBuildPhase section */
		D6369F3F2BEA0F8F001BDAAB /* Frameworks */ = {
			isa = PBXFrameworksBuildPhase;
			buildActionMask = 2147483647;
			files = (
			);
			runOnlyForDeploymentPostprocessing = 0;
		};
		D6369F552BEA0F90001BDAAB /* Frameworks */ = {
			isa = PBXFrameworksBuildPhase;
			buildActionMask = 2147483647;
			files = (
			);
			runOnlyForDeploymentPostprocessing = 0;
		};
		D6369F5F2BEA0F90001BDAAB /* Frameworks */ = {
			isa = PBXFrameworksBuildPhase;
			buildActionMask = 2147483647;
			files = (
			);
			runOnlyForDeploymentPostprocessing = 0;
		};
/* End PBXFrameworksBuildPhase section */

/* Begin PBXGroup section */
		D611795D2BEC6A4700E7C267 /* Issue */ = {
			isa = PBXGroup;
			children = (
				D61179532BEC5FFF00E7C267 /* IssueListController.swift */,
				D6A631F22BF1D101000E9C30 /* IssueTableCell.swift */,
				D6A631F32BF1D101000E9C30 /* IssueTableCell.xib */,
				D61179762BECA9D400E7C267 /* LabelCell.swift */,
				D61179772BECA9D400E7C267 /* labelCell.xib */,
				D6A6320D2BF345B4000E9C30 /* IssueDetail */,
				D6A6322C2BF61596000E9C30 /* IssueEditor */,
			);
			path = Issue;
			sourceTree = "<group>";
		};
		D611795E2BEC6A5000E7C267 /* Label */ = {
			isa = PBXGroup;
			children = (
				D61179572BEC62D200E7C267 /* LabelListController.swift */,
				D642E2702BF740A400ACAE45 /* LabelTableCell.swift */,
				D642E2712BF740A400ACAE45 /* LabelTableCell.xib */,
				D61AAC8A2BFB884500D35399 /* LabelEditorViewController.swift */,
				D61AAC8B2BFB884500D35399 /* LabelEditorViewController.xib */,
				D61AAC8E2BFC3AB400D35399 /* LabelEditorPaddingLabel.swift */,
			);
			path = Label;
			sourceTree = "<group>";
		};
		D611795F2BEC6A5500E7C267 /* Milestone */ = {
			isa = PBXGroup;
			children = (
				D61179592BEC62F100E7C267 /* MilestoneListController.swift */,
			);
			path = Milestone;
			sourceTree = "<group>";
		};
		D61179602BEC6A5D00E7C267 /* Profile */ = {
			isa = PBXGroup;
			children = (
				D611795B2BEC630300E7C267 /* ProfileController.swift */,
			);
			path = Profile;
			sourceTree = "<group>";
		};
		D61179672BEC6D7800E7C267 /* Utils */ = {
			isa = PBXGroup;
			children = (
				D61179652BEC6D6800E7C267 /* Color.swift */,
				D61179682BEC6F3200E7C267 /* FontManager.swift */,
			);
			path = Utils;
			sourceTree = "<group>";
		};
		D611796C2BEC734300E7C267 /* Extension */ = {
			isa = PBXGroup;
			children = (
				D611796A2BEC733200E7C267 /* UILabel+Extensions.swift */,
				D6A631EE2BEFDB72000E9C30 /* UIColor+Extensions.swift */,
				D6A631F62BF1DF8A000E9C30 /* UIViewController+Extensions.swift */,
				D6A632182BF59AC0000E9C30 /* Date+Extensions.swift */,
			);
			path = Extension;
			sourceTree = "<group>";
		};
		D61179752BEC8FB800E7C267 /* Models */ = {
			isa = PBXGroup;
			children = (
				D61179732BEC8FA900E7C267 /* Issue.swift */,
				D6A632162BF46ACC000E9C30 /* BaseModel.swift */,
				D61AAC862BFAD62700D35399 /* IssueModel.swift */,
				D61AAC882BFAF1A600D35399 /* LabelModel.swift */,
			);
			path = Models;
			sourceTree = "<group>";
		};
		D6369F392BEA0F8F001BDAAB = {
			isa = PBXGroup;
			children = (
				D611794F2BEB792D00E7C267 /* .swiftlint.yml */,
				D6369F442BEA0F8F001BDAAB /* issue-tracker-01 */,
				D6369F5B2BEA0F90001BDAAB /* issue-tracker-01Tests */,
				D6369F652BEA0F90001BDAAB /* issue-tracker-01UITests */,
				D6369F432BEA0F8F001BDAAB /* Products */,
			);
			sourceTree = "<group>";
		};
		D6369F432BEA0F8F001BDAAB /* Products */ = {
			isa = PBXGroup;
			children = (
				D6369F422BEA0F8F001BDAAB /* issue-tracker-01.app */,
				D6369F582BEA0F90001BDAAB /* issue-tracker-01Tests.xctest */,
				D6369F622BEA0F90001BDAAB /* issue-tracker-01UITests.xctest */,
			);
			name = Products;
			sourceTree = "<group>";
		};
		D6369F442BEA0F8F001BDAAB /* issue-tracker-01 */ = {
			isa = PBXGroup;
			children = (
				D6369F452BEA0F8F001BDAAB /* AppDelegate.swift */,
				D6369F472BEA0F8F001BDAAB /* SceneDelegate.swift */,
				D659C5B22BEB559C007A57C1 /* Login */,
				D611795D2BEC6A4700E7C267 /* Issue */,
				D611795E2BEC6A5000E7C267 /* Label */,
				D611795F2BEC6A5500E7C267 /* Milestone */,
				D61179602BEC6A5D00E7C267 /* Profile */,
				D61179672BEC6D7800E7C267 /* Utils */,
				D611796C2BEC734300E7C267 /* Extension */,
				D61179752BEC8FB800E7C267 /* Models */,
				D6A632012BF221F0000E9C30 /* Network */,
				D6A631FE2BF20BB1000E9C30 /* URLDefines */,
				D6369F4B2BEA0F8F001BDAAB /* Main.storyboard */,
				D6369F4E2BEA0F90001BDAAB /* Assets.xcassets */,
				D679EE462BEA355400A3FC61 /* Color.xcassets */,
				D6369F502BEA0F90001BDAAB /* LaunchScreen.storyboard */,
				D6369F532BEA0F90001BDAAB /* Info.plist */,
			);
			path = "issue-tracker-01";
			sourceTree = "<group>";
		};
		D6369F5B2BEA0F90001BDAAB /* issue-tracker-01Tests */ = {
			isa = PBXGroup;
			children = (
				D6369F5C2BEA0F90001BDAAB /* issue_tracker_01Tests.swift */,
			);
			path = "issue-tracker-01Tests";
			sourceTree = "<group>";
		};
		D6369F652BEA0F90001BDAAB /* issue-tracker-01UITests */ = {
			isa = PBXGroup;
			children = (
				D6369F662BEA0F90001BDAAB /* issue_tracker_01UITests.swift */,
				D6369F682BEA0F90001BDAAB /* issue_tracker_01UITestsLaunchTests.swift */,
			);
			path = "issue-tracker-01UITests";
			sourceTree = "<group>";
		};
		D659C5B22BEB559C007A57C1 /* Login */ = {
			isa = PBXGroup;
			children = (
				D6369F492BEA0F8F001BDAAB /* LoginController.swift */,
				D61179552BEC60D900E7C267 /* TabBarController.swift */,
			);
			path = Login;
			sourceTree = "<group>";
		};
		D6A631FE2BF20BB1000E9C30 /* URLDefines */ = {
			isa = PBXGroup;
			children = (
				D6A631FC2BF20BAC000E9C30 /* URLDefines.swift */,
			);
			path = URLDefines;
			sourceTree = "<group>";
		};
		D6A632012BF221F0000E9C30 /* Network */ = {
			isa = PBXGroup;
			children = (
				D6A631FA2BF1FE5A000E9C30 /* NetworkManager.swift */,
				D6A631FF2BF2200A000E9C30 /* HTTPManager.swift */,
				D6A632022BF22217000E9C30 /* HTTPMethod.swift */,
			);
			path = Network;
			sourceTree = "<group>";
		};
		D6A6320D2BF345B4000E9C30 /* IssueDetail */ = {
			isa = PBXGroup;
			children = (
				D6A632092BF34589000E9C30 /* IssueDetailViewController.swift */,
				D6A6320A2BF34589000E9C30 /* IssueDetailViewController.xib */,
				D6A632262BF5E045000E9C30 /* IssueDetailHeaderView.swift */,
				D6A632222BF5DD2F000E9C30 /* IssueDetailHeaderView.xib */,
				D6A6320E2BF35D24000E9C30 /* IssueDetailCell.swift */,
				D6A6320F2BF35D24000E9C30 /* IssueDetailCell.xib */,
			);
			path = IssueDetail;
			sourceTree = "<group>";
		};
		D6A6322C2BF61596000E9C30 /* IssueEditor */ = {
			isa = PBXGroup;
			children = (
				D642E2642BF6182B00ACAE45 /* IssueEditorViewController.swift */,
				D642E2652BF6182B00ACAE45 /* IssueEditorViewController.xib */,
				D642E2682BF6EFD000ACAE45 /* EditorOptionCell.swift */,
				D642E2692BF6EFD000ACAE45 /* EditorOptionCell.xib */,
				D642E26C2BF717BB00ACAE45 /* EditorOptionViewController.swift */,
				D642E26D2BF717BB00ACAE45 /* EditorOptionViewController.xib */,
			);
			path = IssueEditor;
			sourceTree = "<group>";
		};
/* End PBXGroup section */

/* Begin PBXNativeTarget section */
		D6369F412BEA0F8F001BDAAB /* issue-tracker-01 */ = {
			isa = PBXNativeTarget;
			buildConfigurationList = D6369F6C2BEA0F90001BDAAB /* Build configuration list for PBXNativeTarget "issue-tracker-01" */;
			buildPhases = (
				D6369F3E2BEA0F8F001BDAAB /* Sources */,
				D6369F3F2BEA0F8F001BDAAB /* Frameworks */,
				D6369F402BEA0F8F001BDAAB /* Resources */,
				D611794E2BEB78EF00E7C267 /* SwiftLint */,
			);
			buildRules = (
			);
			dependencies = (
			);
			name = "issue-tracker-01";
			productName = "issue-tracker-01";
			productReference = D6369F422BEA0F8F001BDAAB /* issue-tracker-01.app */;
			productType = "com.apple.product-type.application";
		};
		D6369F572BEA0F90001BDAAB /* issue-tracker-01Tests */ = {
			isa = PBXNativeTarget;
			buildConfigurationList = D6369F6F2BEA0F90001BDAAB /* Build configuration list for PBXNativeTarget "issue-tracker-01Tests" */;
			buildPhases = (
				D6369F542BEA0F90001BDAAB /* Sources */,
				D6369F552BEA0F90001BDAAB /* Frameworks */,
				D6369F562BEA0F90001BDAAB /* Resources */,
			);
			buildRules = (
			);
			dependencies = (
				D6369F5A2BEA0F90001BDAAB /* PBXTargetDependency */,
			);
			name = "issue-tracker-01Tests";
			productName = "issue-tracker-01Tests";
			productReference = D6369F582BEA0F90001BDAAB /* issue-tracker-01Tests.xctest */;
			productType = "com.apple.product-type.bundle.unit-test";
		};
		D6369F612BEA0F90001BDAAB /* issue-tracker-01UITests */ = {
			isa = PBXNativeTarget;
			buildConfigurationList = D6369F722BEA0F90001BDAAB /* Build configuration list for PBXNativeTarget "issue-tracker-01UITests" */;
			buildPhases = (
				D6369F5E2BEA0F90001BDAAB /* Sources */,
				D6369F5F2BEA0F90001BDAAB /* Frameworks */,
				D6369F602BEA0F90001BDAAB /* Resources */,
			);
			buildRules = (
			);
			dependencies = (
				D6369F642BEA0F90001BDAAB /* PBXTargetDependency */,
			);
			name = "issue-tracker-01UITests";
			productName = "issue-tracker-01UITests";
			productReference = D6369F622BEA0F90001BDAAB /* issue-tracker-01UITests.xctest */;
			productType = "com.apple.product-type.bundle.ui-testing";
		};
/* End PBXNativeTarget section */

/* Begin PBXProject section */
		D6369F3A2BEA0F8F001BDAAB /* Project object */ = {
			isa = PBXProject;
			attributes = {
				BuildIndependentTargetsInParallel = 1;
				LastSwiftUpdateCheck = 1530;
				LastUpgradeCheck = 1530;
				TargetAttributes = {
					D6369F412BEA0F8F001BDAAB = {
						CreatedOnToolsVersion = 15.3;
					};
					D6369F572BEA0F90001BDAAB = {
						CreatedOnToolsVersion = 15.3;
						TestTargetID = D6369F412BEA0F8F001BDAAB;
					};
					D6369F612BEA0F90001BDAAB = {
						CreatedOnToolsVersion = 15.3;
						TestTargetID = D6369F412BEA0F8F001BDAAB;
					};
				};
			};
			buildConfigurationList = D6369F3D2BEA0F8F001BDAAB /* Build configuration list for PBXProject "issue-tracker-01" */;
			compatibilityVersion = "Xcode 14.0";
			developmentRegion = en;
			hasScannedForEncodings = 0;
			knownRegions = (
				en,
				Base,
			);
			mainGroup = D6369F392BEA0F8F001BDAAB;
			productRefGroup = D6369F432BEA0F8F001BDAAB /* Products */;
			projectDirPath = "";
			projectRoot = "";
			targets = (
				D6369F412BEA0F8F001BDAAB /* issue-tracker-01 */,
				D6369F572BEA0F90001BDAAB /* issue-tracker-01Tests */,
				D6369F612BEA0F90001BDAAB /* issue-tracker-01UITests */,
			);
		};
/* End PBXProject section */

/* Begin PBXResourcesBuildPhase section */
		D6369F402BEA0F8F001BDAAB /* Resources */ = {
			isa = PBXResourcesBuildPhase;
			buildActionMask = 2147483647;
			files = (
				D61179502BEB792D00E7C267 /* .swiftlint.yml in Resources */,
				D61AAC8C2BFB884500D35399 /* LabelEditorViewController.xib in Resources */,
				D642E2732BF740A400ACAE45 /* LabelTableCell.xib in Resources */,
				D642E2662BF6182B00ACAE45 /* IssueEditorViewController.xib in Resources */,
				D642E26F2BF717BB00ACAE45 /* EditorOptionViewController.xib in Resources */,
				D6A6320B2BF34589000E9C30 /* IssueDetailViewController.xib in Resources */,
				D6369F4F2BEA0F90001BDAAB /* Assets.xcassets in Resources */,
				D679EE472BEA355400A3FC61 /* Color.xcassets in Resources */,
				D642E26B2BF6EFD000ACAE45 /* EditorOptionCell.xib in Resources */,
				D6369F522BEA0F90001BDAAB /* Base in Resources */,
				D6A632232BF5DD2F000E9C30 /* IssueDetailHeaderView.xib in Resources */,
				D6A631F52BF1D101000E9C30 /* IssueTableCell.xib in Resources */,
				D61179792BECA9D400E7C267 /* labelCell.xib in Resources */,
				D6A632102BF35D24000E9C30 /* IssueDetailCell.xib in Resources */,
				D6369F4D2BEA0F8F001BDAAB /* Base in Resources */,
			);
			runOnlyForDeploymentPostprocessing = 0;
		};
		D6369F562BEA0F90001BDAAB /* Resources */ = {
			isa = PBXResourcesBuildPhase;
			buildActionMask = 2147483647;
			files = (
				D61179512BEB792D00E7C267 /* .swiftlint.yml in Resources */,
			);
			runOnlyForDeploymentPostprocessing = 0;
		};
		D6369F602BEA0F90001BDAAB /* Resources */ = {
			isa = PBXResourcesBuildPhase;
			buildActionMask = 2147483647;
			files = (
				D61179522BEB792D00E7C267 /* .swiftlint.yml in Resources */,
			);
			runOnlyForDeploymentPostprocessing = 0;
		};
/* End PBXResourcesBuildPhase section */

/* Begin PBXShellScriptBuildPhase section */
		D611794E2BEB78EF00E7C267 /* SwiftLint */ = {
			isa = PBXShellScriptBuildPhase;
			alwaysOutOfDate = 1;
			buildActionMask = 2147483647;
			files = (
			);
			inputFileListPaths = (
			);
			inputPaths = (
			);
			name = SwiftLint;
			outputFileListPaths = (
			);
			outputPaths = (
			);
			runOnlyForDeploymentPostprocessing = 0;
			shellPath = /bin/sh;
			shellScript = "if test -d \"/opt/homebrew/bin/\"; then\n  PATH=\"/opt/homebrew/bin/:${PATH}\"\nfi\n\nexport PATH\n\nif which swiftlint >/dev/null; then\n  swiftlint\nelse\n  echo \"warning: SwiftLint not installed, download from https://github.com/realm/SwiftLint\"\nfi\n";
		};
/* End PBXShellScriptBuildPhase section */

/* Begin PBXSourcesBuildPhase section */
		D6369F3E2BEA0F8F001BDAAB /* Sources */ = {
			isa = PBXSourcesBuildPhase;
			buildActionMask = 2147483647;
			files = (
				D61AAC8D2BFB884500D35399 /* LabelEditorViewController.swift in Sources */,
				D6A631FB2BF1FE5A000E9C30 /* NetworkManager.swift in Sources */,
				D642E26A2BF6EFD000ACAE45 /* EditorOptionCell.swift in Sources */,
				D61AAC892BFAF1A600D35399 /* LabelModel.swift in Sources */,
				D6A631FD2BF20BAC000E9C30 /* URLDefines.swift in Sources */,
				D61AAC8F2BFC3AB400D35399 /* LabelEditorPaddingLabel.swift in Sources */,
				D6A632032BF22217000E9C30 /* HTTPMethod.swift in Sources */,
				D611796B2BEC733200E7C267 /* UILabel+Extensions.swift in Sources */,
				D6369F4A2BEA0F8F001BDAAB /* LoginController.swift in Sources */,
				D61179542BEC5FFF00E7C267 /* IssueListController.swift in Sources */,
				D61179742BEC8FA900E7C267 /* Issue.swift in Sources */,
				D6A631F72BF1DF8A000E9C30 /* UIViewController+Extensions.swift in Sources */,
				D6A632002BF2200A000E9C30 /* HTTPManager.swift in Sources */,
				D642E2722BF740A400ACAE45 /* LabelTableCell.swift in Sources */,
				D6369F462BEA0F8F001BDAAB /* AppDelegate.swift in Sources */,
				D61179662BEC6D6800E7C267 /* Color.swift in Sources */,
				D642E26E2BF717BB00ACAE45 /* EditorOptionViewController.swift in Sources */,
				D642E2672BF6182B00ACAE45 /* IssueEditorViewController.swift in Sources */,
				D6A631F42BF1D101000E9C30 /* IssueTableCell.swift in Sources */,
				D61179562BEC60D900E7C267 /* TabBarController.swift in Sources */,
				D6A632172BF46ACC000E9C30 /* BaseModel.swift in Sources */,
				D6A6320C2BF34589000E9C30 /* IssueDetailViewController.swift in Sources */,
				D6A632112BF35D24000E9C30 /* IssueDetailCell.swift in Sources */,
				D61179582BEC62D200E7C267 /* LabelListController.swift in Sources */,
				D6A632192BF59AC0000E9C30 /* Date+Extensions.swift in Sources */,
				D61AAC872BFAD62700D35399 /* IssueModel.swift in Sources */,
				D61179782BECA9D400E7C267 /* LabelCell.swift in Sources */,
				D6A632272BF5E045000E9C30 /* IssueDetailHeaderView.swift in Sources */,
				D61179692BEC6F3200E7C267 /* FontManager.swift in Sources */,
				D6A631EF2BEFDB72000E9C30 /* UIColor+Extensions.swift in Sources */,
				D6369F482BEA0F8F001BDAAB /* SceneDelegate.swift in Sources */,
				D611795A2BEC62F100E7C267 /* MilestoneListController.swift in Sources */,
				D611795C2BEC630300E7C267 /* ProfileController.swift in Sources */,
			);
			runOnlyForDeploymentPostprocessing = 0;
		};
		D6369F542BEA0F90001BDAAB /* Sources */ = {
			isa = PBXSourcesBuildPhase;
			buildActionMask = 2147483647;
			files = (
				D6369F5D2BEA0F90001BDAAB /* issue_tracker_01Tests.swift in Sources */,
			);
			runOnlyForDeploymentPostprocessing = 0;
		};
		D6369F5E2BEA0F90001BDAAB /* Sources */ = {
			isa = PBXSourcesBuildPhase;
			buildActionMask = 2147483647;
			files = (
				D6369F692BEA0F90001BDAAB /* issue_tracker_01UITestsLaunchTests.swift in Sources */,
				D6369F672BEA0F90001BDAAB /* issue_tracker_01UITests.swift in Sources */,
			);
			runOnlyForDeploymentPostprocessing = 0;
		};
/* End PBXSourcesBuildPhase section */

/* Begin PBXTargetDependency section */
		D6369F5A2BEA0F90001BDAAB /* PBXTargetDependency */ = {
			isa = PBXTargetDependency;
			target = D6369F412BEA0F8F001BDAAB /* issue-tracker-01 */;
			targetProxy = D6369F592BEA0F90001BDAAB /* PBXContainerItemProxy */;
		};
		D6369F642BEA0F90001BDAAB /* PBXTargetDependency */ = {
			isa = PBXTargetDependency;
			target = D6369F412BEA0F8F001BDAAB /* issue-tracker-01 */;
			targetProxy = D6369F632BEA0F90001BDAAB /* PBXContainerItemProxy */;
		};
/* End PBXTargetDependency section */

/* Begin PBXVariantGroup section */
		D6369F4B2BEA0F8F001BDAAB /* Main.storyboard */ = {
			isa = PBXVariantGroup;
			children = (
				D6369F4C2BEA0F8F001BDAAB /* Base */,
			);
			name = Main.storyboard;
			sourceTree = "<group>";
		};
		D6369F502BEA0F90001BDAAB /* LaunchScreen.storyboard */ = {
			isa = PBXVariantGroup;
			children = (
				D6369F512BEA0F90001BDAAB /* Base */,
			);
			name = LaunchScreen.storyboard;
			sourceTree = "<group>";
		};
/* End PBXVariantGroup section */

/* Begin XCBuildConfiguration section */
		D6369F6A2BEA0F90001BDAAB /* Debug */ = {
			isa = XCBuildConfiguration;
			buildSettings = {
				ALWAYS_SEARCH_USER_PATHS = NO;
				ASSETCATALOG_COMPILER_GENERATE_SWIFT_ASSET_SYMBOL_EXTENSIONS = YES;
				CLANG_ANALYZER_NONNULL = YES;
				CLANG_ANALYZER_NUMBER_OBJECT_CONVERSION = YES_AGGRESSIVE;
				CLANG_CXX_LANGUAGE_STANDARD = "gnu++20";
				CLANG_ENABLE_MODULES = YES;
				CLANG_ENABLE_OBJC_ARC = YES;
				CLANG_ENABLE_OBJC_WEAK = YES;
				CLANG_WARN_BLOCK_CAPTURE_AUTORELEASING = YES;
				CLANG_WARN_BOOL_CONVERSION = YES;
				CLANG_WARN_COMMA = YES;
				CLANG_WARN_CONSTANT_CONVERSION = YES;
				CLANG_WARN_DEPRECATED_OBJC_IMPLEMENTATIONS = YES;
				CLANG_WARN_DIRECT_OBJC_ISA_USAGE = YES_ERROR;
				CLANG_WARN_DOCUMENTATION_COMMENTS = YES;
				CLANG_WARN_EMPTY_BODY = YES;
				CLANG_WARN_ENUM_CONVERSION = YES;
				CLANG_WARN_INFINITE_RECURSION = YES;
				CLANG_WARN_INT_CONVERSION = YES;
				CLANG_WARN_NON_LITERAL_NULL_CONVERSION = YES;
				CLANG_WARN_OBJC_IMPLICIT_RETAIN_SELF = YES;
				CLANG_WARN_OBJC_LITERAL_CONVERSION = YES;
				CLANG_WARN_OBJC_ROOT_CLASS = YES_ERROR;
				CLANG_WARN_QUOTED_INCLUDE_IN_FRAMEWORK_HEADER = YES;
				CLANG_WARN_RANGE_LOOP_ANALYSIS = YES;
				CLANG_WARN_STRICT_PROTOTYPES = YES;
				CLANG_WARN_SUSPICIOUS_MOVE = YES;
				CLANG_WARN_UNGUARDED_AVAILABILITY = YES_AGGRESSIVE;
				CLANG_WARN_UNREACHABLE_CODE = YES;
				CLANG_WARN__DUPLICATE_METHOD_MATCH = YES;
				COPY_PHASE_STRIP = NO;
				DEBUG_INFORMATION_FORMAT = dwarf;
				ENABLE_STRICT_OBJC_MSGSEND = YES;
				ENABLE_TESTABILITY = YES;
				ENABLE_USER_SCRIPT_SANDBOXING = YES;
				GCC_C_LANGUAGE_STANDARD = gnu17;
				GCC_DYNAMIC_NO_PIC = NO;
				GCC_NO_COMMON_BLOCKS = YES;
				GCC_OPTIMIZATION_LEVEL = 0;
				GCC_PREPROCESSOR_DEFINITIONS = (
					"DEBUG=1",
					"$(inherited)",
				);
				GCC_WARN_64_TO_32_BIT_CONVERSION = YES;
				GCC_WARN_ABOUT_RETURN_TYPE = YES_ERROR;
				GCC_WARN_UNDECLARED_SELECTOR = YES;
				GCC_WARN_UNINITIALIZED_AUTOS = YES_AGGRESSIVE;
				GCC_WARN_UNUSED_FUNCTION = YES;
				GCC_WARN_UNUSED_VARIABLE = YES;
				IPHONEOS_DEPLOYMENT_TARGET = 17.4;
				LOCALIZATION_PREFERS_STRING_CATALOGS = YES;
				MTL_ENABLE_DEBUG_INFO = INCLUDE_SOURCE;
				MTL_FAST_MATH = YES;
				ONLY_ACTIVE_ARCH = YES;
				SDKROOT = iphoneos;
				SWIFT_ACTIVE_COMPILATION_CONDITIONS = "DEBUG $(inherited)";
				SWIFT_OPTIMIZATION_LEVEL = "-Onone";
			};
			name = Debug;
		};
		D6369F6B2BEA0F90001BDAAB /* Release */ = {
			isa = XCBuildConfiguration;
			buildSettings = {
				ALWAYS_SEARCH_USER_PATHS = NO;
				ASSETCATALOG_COMPILER_GENERATE_SWIFT_ASSET_SYMBOL_EXTENSIONS = YES;
				CLANG_ANALYZER_NONNULL = YES;
				CLANG_ANALYZER_NUMBER_OBJECT_CONVERSION = YES_AGGRESSIVE;
				CLANG_CXX_LANGUAGE_STANDARD = "gnu++20";
				CLANG_ENABLE_MODULES = YES;
				CLANG_ENABLE_OBJC_ARC = YES;
				CLANG_ENABLE_OBJC_WEAK = YES;
				CLANG_WARN_BLOCK_CAPTURE_AUTORELEASING = YES;
				CLANG_WARN_BOOL_CONVERSION = YES;
				CLANG_WARN_COMMA = YES;
				CLANG_WARN_CONSTANT_CONVERSION = YES;
				CLANG_WARN_DEPRECATED_OBJC_IMPLEMENTATIONS = YES;
				CLANG_WARN_DIRECT_OBJC_ISA_USAGE = YES_ERROR;
				CLANG_WARN_DOCUMENTATION_COMMENTS = YES;
				CLANG_WARN_EMPTY_BODY = YES;
				CLANG_WARN_ENUM_CONVERSION = YES;
				CLANG_WARN_INFINITE_RECURSION = YES;
				CLANG_WARN_INT_CONVERSION = YES;
				CLANG_WARN_NON_LITERAL_NULL_CONVERSION = YES;
				CLANG_WARN_OBJC_IMPLICIT_RETAIN_SELF = YES;
				CLANG_WARN_OBJC_LITERAL_CONVERSION = YES;
				CLANG_WARN_OBJC_ROOT_CLASS = YES_ERROR;
				CLANG_WARN_QUOTED_INCLUDE_IN_FRAMEWORK_HEADER = YES;
				CLANG_WARN_RANGE_LOOP_ANALYSIS = YES;
				CLANG_WARN_STRICT_PROTOTYPES = YES;
				CLANG_WARN_SUSPICIOUS_MOVE = YES;
				CLANG_WARN_UNGUARDED_AVAILABILITY = YES_AGGRESSIVE;
				CLANG_WARN_UNREACHABLE_CODE = YES;
				CLANG_WARN__DUPLICATE_METHOD_MATCH = YES;
				COPY_PHASE_STRIP = NO;
				DEBUG_INFORMATION_FORMAT = "dwarf-with-dsym";
				ENABLE_NS_ASSERTIONS = NO;
				ENABLE_STRICT_OBJC_MSGSEND = YES;
				ENABLE_USER_SCRIPT_SANDBOXING = YES;
				GCC_C_LANGUAGE_STANDARD = gnu17;
				GCC_NO_COMMON_BLOCKS = YES;
				GCC_WARN_64_TO_32_BIT_CONVERSION = YES;
				GCC_WARN_ABOUT_RETURN_TYPE = YES_ERROR;
				GCC_WARN_UNDECLARED_SELECTOR = YES;
				GCC_WARN_UNINITIALIZED_AUTOS = YES_AGGRESSIVE;
				GCC_WARN_UNUSED_FUNCTION = YES;
				GCC_WARN_UNUSED_VARIABLE = YES;
				IPHONEOS_DEPLOYMENT_TARGET = 17.4;
				LOCALIZATION_PREFERS_STRING_CATALOGS = YES;
				MTL_ENABLE_DEBUG_INFO = NO;
				MTL_FAST_MATH = YES;
				SDKROOT = iphoneos;
				SWIFT_COMPILATION_MODE = wholemodule;
				VALIDATE_PRODUCT = YES;
			};
			name = Release;
		};
		D6369F6D2BEA0F90001BDAAB /* Debug */ = {
			isa = XCBuildConfiguration;
			buildSettings = {
				ASSETCATALOG_COMPILER_APPICON_NAME = AppIcon;
				ASSETCATALOG_COMPILER_GLOBAL_ACCENT_COLOR_NAME = AccentColor;
				CODE_SIGN_STYLE = Automatic;
				CURRENT_PROJECT_VERSION = 1;
				DEVELOPMENT_TEAM = 9H57LB393L;
				ENABLE_USER_SCRIPT_SANDBOXING = NO;
				GENERATE_INFOPLIST_FILE = YES;
				INFOPLIST_FILE = "issue-tracker-01/Info.plist";
				INFOPLIST_KEY_UIApplicationSupportsIndirectInputEvents = YES;
				INFOPLIST_KEY_UILaunchStoryboardName = LaunchScreen;
				INFOPLIST_KEY_UIMainStoryboardFile = Main;
				INFOPLIST_KEY_UISupportedInterfaceOrientations_iPad = "UIInterfaceOrientationPortrait UIInterfaceOrientationPortraitUpsideDown UIInterfaceOrientationLandscapeLeft UIInterfaceOrientationLandscapeRight";
				INFOPLIST_KEY_UISupportedInterfaceOrientations_iPhone = "UIInterfaceOrientationPortrait UIInterfaceOrientationLandscapeLeft UIInterfaceOrientationLandscapeRight";
				LD_RUNPATH_SEARCH_PATHS = (
					"$(inherited)",
					"@executable_path/Frameworks",
				);
				MARKETING_VERSION = 1.0;
				PRODUCT_BUNDLE_IDENTIFIER = "pro.issue-tracker-01";
				PRODUCT_NAME = "$(TARGET_NAME)";
				SWIFT_EMIT_LOC_STRINGS = YES;
				SWIFT_VERSION = 5.0;
				TARGETED_DEVICE_FAMILY = "1,2";
			};
			name = Debug;
		};
		D6369F6E2BEA0F90001BDAAB /* Release */ = {
			isa = XCBuildConfiguration;
			buildSettings = {
				ASSETCATALOG_COMPILER_APPICON_NAME = AppIcon;
				ASSETCATALOG_COMPILER_GLOBAL_ACCENT_COLOR_NAME = AccentColor;
				CODE_SIGN_STYLE = Automatic;
				CURRENT_PROJECT_VERSION = 1;
				DEVELOPMENT_TEAM = 9H57LB393L;
				ENABLE_USER_SCRIPT_SANDBOXING = NO;
				GENERATE_INFOPLIST_FILE = YES;
				INFOPLIST_FILE = "issue-tracker-01/Info.plist";
				INFOPLIST_KEY_UIApplicationSupportsIndirectInputEvents = YES;
				INFOPLIST_KEY_UILaunchStoryboardName = LaunchScreen;
				INFOPLIST_KEY_UIMainStoryboardFile = Main;
				INFOPLIST_KEY_UISupportedInterfaceOrientations_iPad = "UIInterfaceOrientationPortrait UIInterfaceOrientationPortraitUpsideDown UIInterfaceOrientationLandscapeLeft UIInterfaceOrientationLandscapeRight";
				INFOPLIST_KEY_UISupportedInterfaceOrientations_iPhone = "UIInterfaceOrientationPortrait UIInterfaceOrientationLandscapeLeft UIInterfaceOrientationLandscapeRight";
				LD_RUNPATH_SEARCH_PATHS = (
					"$(inherited)",
					"@executable_path/Frameworks",
				);
				MARKETING_VERSION = 1.0;
				PRODUCT_BUNDLE_IDENTIFIER = "pro.issue-tracker-01";
				PRODUCT_NAME = "$(TARGET_NAME)";
				SWIFT_EMIT_LOC_STRINGS = YES;
				SWIFT_VERSION = 5.0;
				TARGETED_DEVICE_FAMILY = "1,2";
			};
			name = Release;
		};
		D6369F702BEA0F90001BDAAB /* Debug */ = {
			isa = XCBuildConfiguration;
			buildSettings = {
				ALWAYS_EMBED_SWIFT_STANDARD_LIBRARIES = YES;
				BUNDLE_LOADER = "$(TEST_HOST)";
				CODE_SIGN_STYLE = Automatic;
				CURRENT_PROJECT_VERSION = 1;
				DEVELOPMENT_TEAM = 9H57LB393L;
				GENERATE_INFOPLIST_FILE = YES;
				IPHONEOS_DEPLOYMENT_TARGET = 17.4;
				MARKETING_VERSION = 1.0;
				PRODUCT_BUNDLE_IDENTIFIER = "pro.issue-tracker-01Tests";
				PRODUCT_NAME = "$(TARGET_NAME)";
				SWIFT_EMIT_LOC_STRINGS = NO;
				SWIFT_VERSION = 5.0;
				TARGETED_DEVICE_FAMILY = "1,2";
				TEST_HOST = "$(BUILT_PRODUCTS_DIR)/issue-tracker-01.app/$(BUNDLE_EXECUTABLE_FOLDER_PATH)/issue-tracker-01";
			};
			name = Debug;
		};
		D6369F712BEA0F90001BDAAB /* Release */ = {
			isa = XCBuildConfiguration;
			buildSettings = {
				ALWAYS_EMBED_SWIFT_STANDARD_LIBRARIES = YES;
				BUNDLE_LOADER = "$(TEST_HOST)";
				CODE_SIGN_STYLE = Automatic;
				CURRENT_PROJECT_VERSION = 1;
				DEVELOPMENT_TEAM = 9H57LB393L;
				GENERATE_INFOPLIST_FILE = YES;
				IPHONEOS_DEPLOYMENT_TARGET = 17.4;
				MARKETING_VERSION = 1.0;
				PRODUCT_BUNDLE_IDENTIFIER = "pro.issue-tracker-01Tests";
				PRODUCT_NAME = "$(TARGET_NAME)";
				SWIFT_EMIT_LOC_STRINGS = NO;
				SWIFT_VERSION = 5.0;
				TARGETED_DEVICE_FAMILY = "1,2";
				TEST_HOST = "$(BUILT_PRODUCTS_DIR)/issue-tracker-01.app/$(BUNDLE_EXECUTABLE_FOLDER_PATH)/issue-tracker-01";
			};
			name = Release;
		};
		D6369F732BEA0F90001BDAAB /* Debug */ = {
			isa = XCBuildConfiguration;
			buildSettings = {
				ALWAYS_EMBED_SWIFT_STANDARD_LIBRARIES = YES;
				CODE_SIGN_STYLE = Automatic;
				CURRENT_PROJECT_VERSION = 1;
				DEVELOPMENT_TEAM = 9H57LB393L;
				GENERATE_INFOPLIST_FILE = YES;
				MARKETING_VERSION = 1.0;
				PRODUCT_BUNDLE_IDENTIFIER = "pro.issue-tracker-01UITests";
				PRODUCT_NAME = "$(TARGET_NAME)";
				SWIFT_EMIT_LOC_STRINGS = NO;
				SWIFT_VERSION = 5.0;
				TARGETED_DEVICE_FAMILY = "1,2";
				TEST_TARGET_NAME = "issue-tracker-01";
			};
			name = Debug;
		};
		D6369F742BEA0F90001BDAAB /* Release */ = {
			isa = XCBuildConfiguration;
			buildSettings = {
				ALWAYS_EMBED_SWIFT_STANDARD_LIBRARIES = YES;
				CODE_SIGN_STYLE = Automatic;
				CURRENT_PROJECT_VERSION = 1;
				DEVELOPMENT_TEAM = 9H57LB393L;
				GENERATE_INFOPLIST_FILE = YES;
				MARKETING_VERSION = 1.0;
				PRODUCT_BUNDLE_IDENTIFIER = "pro.issue-tracker-01UITests";
				PRODUCT_NAME = "$(TARGET_NAME)";
				SWIFT_EMIT_LOC_STRINGS = NO;
				SWIFT_VERSION = 5.0;
				TARGETED_DEVICE_FAMILY = "1,2";
				TEST_TARGET_NAME = "issue-tracker-01";
			};
			name = Release;
		};
/* End XCBuildConfiguration section */

/* Begin XCConfigurationList section */
		D6369F3D2BEA0F8F001BDAAB /* Build configuration list for PBXProject "issue-tracker-01" */ = {
			isa = XCConfigurationList;
			buildConfigurations = (
				D6369F6A2BEA0F90001BDAAB /* Debug */,
				D6369F6B2BEA0F90001BDAAB /* Release */,
			);
			defaultConfigurationIsVisible = 0;
			defaultConfigurationName = Release;
		};
		D6369F6C2BEA0F90001BDAAB /* Build configuration list for PBXNativeTarget "issue-tracker-01" */ = {
			isa = XCConfigurationList;
			buildConfigurations = (
				D6369F6D2BEA0F90001BDAAB /* Debug */,
				D6369F6E2BEA0F90001BDAAB /* Release */,
			);
			defaultConfigurationIsVisible = 0;
			defaultConfigurationName = Release;
		};
		D6369F6F2BEA0F90001BDAAB /* Build configuration list for PBXNativeTarget "issue-tracker-01Tests" */ = {
			isa = XCConfigurationList;
			buildConfigurations = (
				D6369F702BEA0F90001BDAAB /* Debug */,
				D6369F712BEA0F90001BDAAB /* Release */,
			);
			defaultConfigurationIsVisible = 0;
			defaultConfigurationName = Release;
		};
		D6369F722BEA0F90001BDAAB /* Build configuration list for PBXNativeTarget "issue-tracker-01UITests" */ = {
			isa = XCConfigurationList;
			buildConfigurations = (
				D6369F732BEA0F90001BDAAB /* Debug */,
				D6369F742BEA0F90001BDAAB /* Release */,
			);
			defaultConfigurationIsVisible = 0;
			defaultConfigurationName = Release;
		};
/* End XCConfigurationList section */
	};
	rootObject = D6369F3A2BEA0F8F001BDAAB /* Project object */;
}
